
Microsoft Visual Studio Solution File, Format Version 12.00
# Visual Studio Version 17
VisualStudioVersion = 17.11.35312.102
MinimumVisualStudioVersion = 10.0.40219.1
Project("{FAE04EC0-301F-11D3-BF4B-00C04F79EFBC}") = "APK1", "APK1\APK1.csproj", "{5A230EE4-1D53-4DA1-B36B-A61DAFF25571}"
EndProject
Global
	GlobalSection(SolutionConfigurationPlatforms) = preSolution
		Debug|Any CPU = Debug|Any CPU
		Release|Any CPU = Release|Any CPU
	EndGlobalSection
	GlobalSection(ProjectConfigurationPlatforms) = postSolution
		{5A230EE4-1D53-4DA1-B36B-A61DAFF25571}.Debug|Any CPU.ActiveCfg = Debug|Any CPU
		{5A230EE4-1D53-4DA1-B36B-A61DAFF25571}.Debug|Any CPU.Build.0 = Debug|Any CPU
		{5A230EE4-1D53-4DA1-B36B-A61DAFF25571}.Release|Any CPU.ActiveCfg = Release|Any CPU
		{5A230EE4-1D53-4DA1-B36B-A61DAFF25571}.Release|Any CPU.Build.0 = Release|Any CPU
	EndGlobalSection
	GlobalSection(SolutionProperties) = preSolution
		HideSolutionNode = FALSE
	EndGlobalSection
	GlobalSection(ExtensibilityGlobals) = postSolution
		SolutionGuid = {5C688586-7F60-45AE-A0C2-EA7989202108}
	EndGlobalSection
EndGlobal
